// !$*UTF8*$!
{
	archiveVersion = 1;
	classes = {
	};
	objectVersion = 55;
	objects = {

/* Begin PBXBuildFile section */
		21565CF696659F6307739E3E /* Pods_JejuAttractionsMap.framework in Frameworks */ = {isa = PBXBuildFile; fileRef = 5D26206F5FC3641A02FE4D43 /* Pods_JejuAttractionsMap.framework */; };
		58C38CEEFBD4705128F95DA1 /* Pods_JejuAttractionsMapTests.framework in Frameworks */ = {isa = PBXBuildFile; fileRef = C54356F1A8352401C9057975 /* Pods_JejuAttractionsMapTests.framework */; };
		ABA2E35329A2700000965558 /* AppDelegate.swift in Sources */ = {isa = PBXBuildFile; fileRef = ABA2E35229A2700000965558 /* AppDelegate.swift */; };
		ABA2E35529A2700000965558 /* SceneDelegate.swift in Sources */ = {isa = PBXBuildFile; fileRef = ABA2E35429A2700000965558 /* SceneDelegate.swift */; };
		ABA2E35729A2700000965558 /* ViewController.swift in Sources */ = {isa = PBXBuildFile; fileRef = ABA2E35629A2700000965558 /* ViewController.swift */; };
		ABA2E35A29A2700000965558 /* Main.storyboard in Resources */ = {isa = PBXBuildFile; fileRef = ABA2E35829A2700000965558 /* Main.storyboard */; };
		ABA2E35C29A2700100965558 /* Assets.xcassets in Resources */ = {isa = PBXBuildFile; fileRef = ABA2E35B29A2700100965558 /* Assets.xcassets */; };
		ABA2E35F29A2700100965558 /* LaunchScreen.storyboard in Resources */ = {isa = PBXBuildFile; fileRef = ABA2E35D29A2700100965558 /* LaunchScreen.storyboard */; };
		ABA7669929B6343000693C10 /* AttractionsData.json in Resources */ = {isa = PBXBuildFile; fileRef = ABA7669829B6343000693C10 /* AttractionsData.json */; };
		ABA7669B29B634EE00693C10 /* NoServiceError.xml in Resources */ = {isa = PBXBuildFile; fileRef = ABA7669A29B634EE00693C10 /* NoServiceError.xml */; };
		ABA7669D29B6355000693C10 /* ServiceAccessDeniedError.xml in Resources */ = {isa = PBXBuildFile; fileRef = ABA7669C29B6355000693C10 /* ServiceAccessDeniedError.xml */; };
		ABA7669F29B6358600693C10 /* RequestExceededError.xml in Resources */ = {isa = PBXBuildFile; fileRef = ABA7669E29B6358600693C10 /* RequestExceededError.xml */; };
		ABA766A329B635D900693C10 /* DeadlineExpiredError.xml in Resources */ = {isa = PBXBuildFile; fileRef = ABA766A229B635D900693C10 /* DeadlineExpiredError.xml */; };
		ABA766A529B6360300693C10 /* UnknownError.xml in Resources */ = {isa = PBXBuildFile; fileRef = ABA766A429B6360300693C10 /* UnknownError.xml */; };
		ABA766A829B6364A00693C10 /* Data+.swift in Sources */ = {isa = PBXBuildFile; fileRef = ABA766A729B6364A00693C10 /* Data+.swift */; };
		ABA766AC29B63CCE00693C10 /* Attraction.swift in Sources */ = {isa = PBXBuildFile; fileRef = ABA766AB29B63CCE00693C10 /* Attraction.swift */; };
		ABA766AF29B63FC200693C10 /* AttractionsResponse.swift in Sources */ = {isa = PBXBuildFile; fileRef = ABA766AE29B63FC200693C10 /* AttractionsResponse.swift */; };
		ABA766B129B63FF300693C10 /* OpenAPI_ServiceResponse.swift in Sources */ = {isa = PBXBuildFile; fileRef = ABA766B029B63FF300693C10 /* OpenAPI_ServiceResponse.swift */; };
		ABD9B47C29B4BEEF00A8FED0 /* JejuAttractionsMapTests.swift in Sources */ = {isa = PBXBuildFile; fileRef = ABD9B47B29B4BEEF00A8FED0 /* JejuAttractionsMapTests.swift */; };
/* End PBXBuildFile section */

/* Begin PBXContainerItemProxy section */
		ABD9B47D29B4BEEF00A8FED0 /* PBXContainerItemProxy */ = {
			isa = PBXContainerItemProxy;
			containerPortal = ABA2E34729A2700000965558 /* Project object */;
			proxyType = 1;
			remoteGlobalIDString = ABA2E34E29A2700000965558;
			remoteInfo = JejuAttractionsMap;
		};
/* End PBXContainerItemProxy section */

/* Begin PBXFileReference section */
		165C95D4CB7B831C012FED15 /* Pods-JejuAttractionsMapTests.debug.xcconfig */ = {isa = PBXFileReference; includeInIndex = 1; lastKnownFileType = text.xcconfig; name = "Pods-JejuAttractionsMapTests.debug.xcconfig"; path = "Target Support Files/Pods-JejuAttractionsMapTests/Pods-JejuAttractionsMapTests.debug.xcconfig"; sourceTree = "<group>"; };
		180C67198E1DA532763F9C75 /* Pods-JejuAttractionsMap.release.xcconfig */ = {isa = PBXFileReference; includeInIndex = 1; lastKnownFileType = text.xcconfig; name = "Pods-JejuAttractionsMap.release.xcconfig"; path = "Target Support Files/Pods-JejuAttractionsMap/Pods-JejuAttractionsMap.release.xcconfig"; sourceTree = "<group>"; };
		5D26206F5FC3641A02FE4D43 /* Pods_JejuAttractionsMap.framework */ = {isa = PBXFileReference; explicitFileType = wrapper.framework; includeInIndex = 0; path = Pods_JejuAttractionsMap.framework; sourceTree = BUILT_PRODUCTS_DIR; };
		60C2D75FD42F2E239544975F /* Pods-JejuAttractionsMap.debug.xcconfig */ = {isa = PBXFileReference; includeInIndex = 1; lastKnownFileType = text.xcconfig; name = "Pods-JejuAttractionsMap.debug.xcconfig"; path = "Target Support Files/Pods-JejuAttractionsMap/Pods-JejuAttractionsMap.debug.xcconfig"; sourceTree = "<group>"; };
		ABA2E34F29A2700000965558 /* JejuAttractionsMap.app */ = {isa = PBXFileReference; explicitFileType = wrapper.application; includeInIndex = 0; path = JejuAttractionsMap.app; sourceTree = BUILT_PRODUCTS_DIR; };
		ABA2E35229A2700000965558 /* AppDelegate.swift */ = {isa = PBXFileReference; lastKnownFileType = sourcecode.swift; path = AppDelegate.swift; sourceTree = "<group>"; };
		ABA2E35429A2700000965558 /* SceneDelegate.swift */ = {isa = PBXFileReference; lastKnownFileType = sourcecode.swift; path = SceneDelegate.swift; sourceTree = "<group>"; };
		ABA2E35629A2700000965558 /* ViewController.swift */ = {isa = PBXFileReference; lastKnownFileType = sourcecode.swift; path = ViewController.swift; sourceTree = "<group>"; };
		ABA2E35929A2700000965558 /* Base */ = {isa = PBXFileReference; lastKnownFileType = file.storyboard; name = Base; path = Base.lproj/Main.storyboard; sourceTree = "<group>"; };
		ABA2E35B29A2700100965558 /* Assets.xcassets */ = {isa = PBXFileReference; lastKnownFileType = folder.assetcatalog; path = Assets.xcassets; sourceTree = "<group>"; };
		ABA2E35E29A2700100965558 /* Base */ = {isa = PBXFileReference; lastKnownFileType = file.storyboard; name = Base; path = Base.lproj/LaunchScreen.storyboard; sourceTree = "<group>"; };
		ABA2E36029A2700100965558 /* Info.plist */ = {isa = PBXFileReference; lastKnownFileType = text.plist.xml; path = Info.plist; sourceTree = "<group>"; };
		ABA7669829B6343000693C10 /* AttractionsData.json */ = {isa = PBXFileReference; lastKnownFileType = text.json; path = AttractionsData.json; sourceTree = "<group>"; };
		ABA7669A29B634EE00693C10 /* NoServiceError.xml */ = {isa = PBXFileReference; lastKnownFileType = text.xml; path = NoServiceError.xml; sourceTree = "<group>"; };
		ABA7669C29B6355000693C10 /* ServiceAccessDeniedError.xml */ = {isa = PBXFileReference; lastKnownFileType = text.xml; path = ServiceAccessDeniedError.xml; sourceTree = "<group>"; };
		ABA7669E29B6358600693C10 /* RequestExceededError.xml */ = {isa = PBXFileReference; lastKnownFileType = text.xml; path = RequestExceededError.xml; sourceTree = "<group>"; };
		ABA766A229B635D900693C10 /* DeadlineExpiredError.xml */ = {isa = PBXFileReference; lastKnownFileType = text.xml; path = DeadlineExpiredError.xml; sourceTree = "<group>"; };
		ABA766A429B6360300693C10 /* UnknownError.xml */ = {isa = PBXFileReference; lastKnownFileType = text.xml; path = UnknownError.xml; sourceTree = "<group>"; };
		ABA766A729B6364A00693C10 /* Data+.swift */ = {isa = PBXFileReference; lastKnownFileType = sourcecode.swift; path = "Data+.swift"; sourceTree = "<group>"; };
		ABA766AB29B63CCE00693C10 /* Attraction.swift */ = {isa = PBXFileReference; lastKnownFileType = sourcecode.swift; path = Attraction.swift; sourceTree = "<group>"; };
		ABA766AE29B63FC200693C10 /* AttractionsResponse.swift */ = {isa = PBXFileReference; lastKnownFileType = sourcecode.swift; path = AttractionsResponse.swift; sourceTree = "<group>"; };
		ABA766B029B63FF300693C10 /* OpenAPI_ServiceResponse.swift */ = {isa = PBXFileReference; lastKnownFileType = sourcecode.swift; path = OpenAPI_ServiceResponse.swift; sourceTree = "<group>"; };
		ABD9B47929B4BEEF00A8FED0 /* JejuAttractionsMapTests.xctest */ = {isa = PBXFileReference; explicitFileType = wrapper.cfbundle; includeInIndex = 0; path = JejuAttractionsMapTests.xctest; sourceTree = BUILT_PRODUCTS_DIR; };
		ABD9B47B29B4BEEF00A8FED0 /* JejuAttractionsMapTests.swift */ = {isa = PBXFileReference; lastKnownFileType = sourcecode.swift; path = JejuAttractionsMapTests.swift; sourceTree = "<group>"; };
		C54356F1A8352401C9057975 /* Pods_JejuAttractionsMapTests.framework */ = {isa = PBXFileReference; explicitFileType = wrapper.framework; includeInIndex = 0; path = Pods_JejuAttractionsMapTests.framework; sourceTree = BUILT_PRODUCTS_DIR; };
		D60F06F53F0DEBDF49246679 /* Pods-JejuAttractionsMapTests.release.xcconfig */ = {isa = PBXFileReference; includeInIndex = 1; lastKnownFileType = text.xcconfig; name = "Pods-JejuAttractionsMapTests.release.xcconfig"; path = "Target Support Files/Pods-JejuAttractionsMapTests/Pods-JejuAttractionsMapTests.release.xcconfig"; sourceTree = "<group>"; };
/* End PBXFileReference section */

/* Begin PBXFrameworksBuildPhase section */
		ABA2E34C29A2700000965558 /* Frameworks */ = {
			isa = PBXFrameworksBuildPhase;
			buildActionMask = 2147483647;
			files = (
				21565CF696659F6307739E3E /* Pods_JejuAttractionsMap.framework in Frameworks */,
			);
			runOnlyForDeploymentPostprocessing = 0;
		};
		ABD9B47629B4BEEF00A8FED0 /* Frameworks */ = {
			isa = PBXFrameworksBuildPhase;
			buildActionMask = 2147483647;
			files = (
				58C38CEEFBD4705128F95DA1 /* Pods_JejuAttractionsMapTests.framework in Frameworks */,
			);
			runOnlyForDeploymentPostprocessing = 0;
		};
/* End PBXFrameworksBuildPhase section */

/* Begin PBXGroup section */
		1F20AA935CFDEDE15E9E314D /* Frameworks */ = {
			isa = PBXGroup;
			children = (
				5D26206F5FC3641A02FE4D43 /* Pods_JejuAttractionsMap.framework */,
				C54356F1A8352401C9057975 /* Pods_JejuAttractionsMapTests.framework */,
			);
			name = Frameworks;
			sourceTree = "<group>";
		};
		49DC444C559602C942256F35 /* Pods */ = {
			isa = PBXGroup;
			children = (
				60C2D75FD42F2E239544975F /* Pods-JejuAttractionsMap.debug.xcconfig */,
				180C67198E1DA532763F9C75 /* Pods-JejuAttractionsMap.release.xcconfig */,
				165C95D4CB7B831C012FED15 /* Pods-JejuAttractionsMapTests.debug.xcconfig */,
				D60F06F53F0DEBDF49246679 /* Pods-JejuAttractionsMapTests.release.xcconfig */,
			);
			path = Pods;
			sourceTree = "<group>";
		};
		ABA2E34629A2700000965558 = {
			isa = PBXGroup;
			children = (
				ABA2E35129A2700000965558 /* JejuAttractionsMap */,
				ABD9B47A29B4BEEF00A8FED0 /* JejuAttractionsMapTests */,
				ABA2E35029A2700000965558 /* Products */,
				49DC444C559602C942256F35 /* Pods */,
				1F20AA935CFDEDE15E9E314D /* Frameworks */,
			);
			sourceTree = "<group>";
		};
		ABA2E35029A2700000965558 /* Products */ = {
			isa = PBXGroup;
			children = (
				ABA2E34F29A2700000965558 /* JejuAttractionsMap.app */,
				ABD9B47929B4BEEF00A8FED0 /* JejuAttractionsMapTests.xctest */,
			);
			name = Products;
			sourceTree = "<group>";
		};
		ABA2E35129A2700000965558 /* JejuAttractionsMap */ = {
			isa = PBXGroup;
			children = (
				ABA766AD29B63FAC00693C10 /* Network */,
				ABA766AA29B63CC000693C10 /* Models */,
				ABA2E35229A2700000965558 /* AppDelegate.swift */,
				ABA2E35429A2700000965558 /* SceneDelegate.swift */,
				ABA2E35629A2700000965558 /* ViewController.swift */,
				ABA2E35829A2700000965558 /* Main.storyboard */,
				ABA7666629B5B0D700693C10 /* Container */,
			);
			path = JejuAttractionsMap;
			sourceTree = "<group>";
		};
		ABA7666629B5B0D700693C10 /* Container */ = {
			isa = PBXGroup;
			children = (
				ABA2E35B29A2700100965558 /* Assets.xcassets */,
				ABA2E35D29A2700100965558 /* LaunchScreen.storyboard */,
				ABA2E36029A2700100965558 /* Info.plist */,
			);
			name = Container;
			sourceTree = "<group>";
		};
		ABA7669629B633FF00693C10 /* Responses */ = {
			isa = PBXGroup;
			children = (
				ABA766A629B6363D00693C10 /* Extensions */,
				ABA7669729B6340D00693C10 /* FetchAttractions */,
			);
			path = Responses;
			sourceTree = "<group>";
		};
		ABA7669729B6340D00693C10 /* FetchAttractions */ = {
			isa = PBXGroup;
			children = (
				ABA7669829B6343000693C10 /* AttractionsData.json */,
				ABA7669A29B634EE00693C10 /* NoServiceError.xml */,
				ABA7669C29B6355000693C10 /* ServiceAccessDeniedError.xml */,
				ABA7669E29B6358600693C10 /* RequestExceededError.xml */,
				ABA766A229B635D900693C10 /* DeadlineExpiredError.xml */,
				ABA766A429B6360300693C10 /* UnknownError.xml */,
			);
			path = FetchAttractions;
			sourceTree = "<group>";
		};
		ABA766A629B6363D00693C10 /* Extensions */ = {
			isa = PBXGroup;
			children = (
				ABA766A729B6364A00693C10 /* Data+.swift */,
			);
			path = Extensions;
			sourceTree = "<group>";
		};
		ABA766AA29B63CC000693C10 /* Models */ = {
			isa = PBXGroup;
			children = (
				ABA766AB29B63CCE00693C10 /* Attraction.swift */,
			);
			path = Models;
			sourceTree = "<group>";
		};
		ABA766AD29B63FAC00693C10 /* Network */ = {
			isa = PBXGroup;
			children = (
				ABA766AE29B63FC200693C10 /* AttractionsResponse.swift */,
				ABA766B029B63FF300693C10 /* OpenAPI_ServiceResponse.swift */,
			);
			path = Network;
			sourceTree = "<group>";
		};
		ABD9B47A29B4BEEF00A8FED0 /* JejuAttractionsMapTests */ = {
			isa = PBXGroup;
			children = (
				ABA7669629B633FF00693C10 /* Responses */,
				ABD9B47B29B4BEEF00A8FED0 /* JejuAttractionsMapTests.swift */,
			);
			path = JejuAttractionsMapTests;
			sourceTree = "<group>";
		};
/* End PBXGroup section */

/* Begin PBXNativeTarget section */
		ABA2E34E29A2700000965558 /* JejuAttractionsMap */ = {
			isa = PBXNativeTarget;
			buildConfigurationList = ABA2E36329A2700100965558 /* Build configuration list for PBXNativeTarget "JejuAttractionsMap" */;
			buildPhases = (
				D8A74AFC3405B8933569D9BF /* [CP] Check Pods Manifest.lock */,
				ABA2E34B29A2700000965558 /* Sources */,
				ABA2E34C29A2700000965558 /* Frameworks */,
				ABA2E34D29A2700000965558 /* Resources */,
				53ADC6842273BB129DCA2886 /* [CP] Embed Pods Frameworks */,
			);
			buildRules = (
			);
			dependencies = (
			);
			name = JejuAttractionsMap;
			productName = JejuAttractionsMap;
			productReference = ABA2E34F29A2700000965558 /* JejuAttractionsMap.app */;
			productType = "com.apple.product-type.application";
		};
		ABD9B47829B4BEEF00A8FED0 /* JejuAttractionsMapTests */ = {
			isa = PBXNativeTarget;
			buildConfigurationList = ABD9B48129B4BEEF00A8FED0 /* Build configuration list for PBXNativeTarget "JejuAttractionsMapTests" */;
			buildPhases = (
				366E8AB61FAAB68BEDE88C65 /* [CP] Check Pods Manifest.lock */,
				ABD9B47529B4BEEF00A8FED0 /* Sources */,
				ABD9B47629B4BEEF00A8FED0 /* Frameworks */,
				ABD9B47729B4BEEF00A8FED0 /* Resources */,
				F103F0CE96F8D06E0EBDB9F4 /* [CP] Embed Pods Frameworks */,
			);
			buildRules = (
			);
			dependencies = (
				ABD9B47E29B4BEEF00A8FED0 /* PBXTargetDependency */,
			);
			name = JejuAttractionsMapTests;
			productName = JejuAttractionsMapTests;
			productReference = ABD9B47929B4BEEF00A8FED0 /* JejuAttractionsMapTests.xctest */;
			productType = "com.apple.product-type.bundle.unit-test";
		};
/* End PBXNativeTarget section */

/* Begin PBXProject section */
		ABA2E34729A2700000965558 /* Project object */ = {
			isa = PBXProject;
			attributes = {
				BuildIndependentTargetsInParallel = 1;
				LastSwiftUpdateCheck = 1420;
				LastUpgradeCheck = 1420;
				TargetAttributes = {
					ABA2E34E29A2700000965558 = {
						CreatedOnToolsVersion = 14.2;
					};
					ABD9B47829B4BEEF00A8FED0 = {
						CreatedOnToolsVersion = 14.2;
						TestTargetID = ABA2E34E29A2700000965558;
					};
				};
			};
			buildConfigurationList = ABA2E34A29A2700000965558 /* Build configuration list for PBXProject "JejuAttractionsMap" */;
			compatibilityVersion = "Xcode 13.0";
			developmentRegion = en;
			hasScannedForEncodings = 0;
			knownRegions = (
				en,
				Base,
			);
			mainGroup = ABA2E34629A2700000965558;
			productRefGroup = ABA2E35029A2700000965558 /* Products */;
			projectDirPath = "";
			projectRoot = "";
			targets = (
				ABA2E34E29A2700000965558 /* JejuAttractionsMap */,
				ABD9B47829B4BEEF00A8FED0 /* JejuAttractionsMapTests */,
			);
		};
/* End PBXProject section */

/* Begin PBXResourcesBuildPhase section */
		ABA2E34D29A2700000965558 /* Resources */ = {
			isa = PBXResourcesBuildPhase;
			buildActionMask = 2147483647;
			files = (
				ABA2E35F29A2700100965558 /* LaunchScreen.storyboard in Resources */,
				ABA2E35C29A2700100965558 /* Assets.xcassets in Resources */,
				ABA2E35A29A2700000965558 /* Main.storyboard in Resources */,
			);
			runOnlyForDeploymentPostprocessing = 0;
		};
		ABD9B47729B4BEEF00A8FED0 /* Resources */ = {
			isa = PBXResourcesBuildPhase;
			buildActionMask = 2147483647;
			files = (
				ABA7669D29B6355000693C10 /* ServiceAccessDeniedError.xml in Resources */,
				ABA7669F29B6358600693C10 /* RequestExceededError.xml in Resources */,
				ABA7669929B6343000693C10 /* AttractionsData.json in Resources */,
				ABA766A529B6360300693C10 /* UnknownError.xml in Resources */,
				ABA7669B29B634EE00693C10 /* NoServiceError.xml in Resources */,
				ABA766A329B635D900693C10 /* DeadlineExpiredError.xml in Resources */,
			);
			runOnlyForDeploymentPostprocessing = 0;
		};
/* End PBXResourcesBuildPhase section */

/* Begin PBXShellScriptBuildPhase section */
		366E8AB61FAAB68BEDE88C65 /* [CP] Check Pods Manifest.lock */ = {
			isa = PBXShellScriptBuildPhase;
			buildActionMask = 2147483647;
			files = (
			);
			inputFileListPaths = (
			);
			inputPaths = (
				"${PODS_PODFILE_DIR_PATH}/Podfile.lock",
				"${PODS_ROOT}/Manifest.lock",
			);
			name = "[CP] Check Pods Manifest.lock";
			outputFileListPaths = (
			);
			outputPaths = (
				"$(DERIVED_FILE_DIR)/Pods-JejuAttractionsMapTests-checkManifestLockResult.txt",
			);
			runOnlyForDeploymentPostprocessing = 0;
			shellPath = /bin/sh;
			shellScript = "diff \"${PODS_PODFILE_DIR_PATH}/Podfile.lock\" \"${PODS_ROOT}/Manifest.lock\" > /dev/null\nif [ $? != 0 ] ; then\n    # print error to STDERR\n    echo \"error: The sandbox is not in sync with the Podfile.lock. Run 'pod install' or update your CocoaPods installation.\" >&2\n    exit 1\nfi\n# This output is used by Xcode 'outputs' to avoid re-running this script phase.\necho \"SUCCESS\" > \"${SCRIPT_OUTPUT_FILE_0}\"\n";
			showEnvVarsInLog = 0;
		};
		53ADC6842273BB129DCA2886 /* [CP] Embed Pods Frameworks */ = {
			isa = PBXShellScriptBuildPhase;
			buildActionMask = 2147483647;
			files = (
			);
			inputFileListPaths = (
				"${PODS_ROOT}/Target Support Files/Pods-JejuAttractionsMap/Pods-JejuAttractionsMap-frameworks-${CONFIGURATION}-input-files.xcfilelist",
			);
			name = "[CP] Embed Pods Frameworks";
			outputFileListPaths = (
				"${PODS_ROOT}/Target Support Files/Pods-JejuAttractionsMap/Pods-JejuAttractionsMap-frameworks-${CONFIGURATION}-output-files.xcfilelist",
			);
			runOnlyForDeploymentPostprocessing = 0;
			shellPath = /bin/sh;
			shellScript = "\"${PODS_ROOT}/Target Support Files/Pods-JejuAttractionsMap/Pods-JejuAttractionsMap-frameworks.sh\"\n";
			showEnvVarsInLog = 0;
		};
		D8A74AFC3405B8933569D9BF /* [CP] Check Pods Manifest.lock */ = {
			isa = PBXShellScriptBuildPhase;
			buildActionMask = 2147483647;
			files = (
			);
			inputFileListPaths = (
			);
			inputPaths = (
				"${PODS_PODFILE_DIR_PATH}/Podfile.lock",
				"${PODS_ROOT}/Manifest.lock",
			);
			name = "[CP] Check Pods Manifest.lock";
			outputFileListPaths = (
			);
			outputPaths = (
				"$(DERIVED_FILE_DIR)/Pods-JejuAttractionsMap-checkManifestLockResult.txt",
			);
			runOnlyForDeploymentPostprocessing = 0;
			shellPath = /bin/sh;
			shellScript = "diff \"${PODS_PODFILE_DIR_PATH}/Podfile.lock\" \"${PODS_ROOT}/Manifest.lock\" > /dev/null\nif [ $? != 0 ] ; then\n    # print error to STDERR\n    echo \"error: The sandbox is not in sync with the Podfile.lock. Run 'pod install' or update your CocoaPods installation.\" >&2\n    exit 1\nfi\n# This output is used by Xcode 'outputs' to avoid re-running this script phase.\necho \"SUCCESS\" > \"${SCRIPT_OUTPUT_FILE_0}\"\n";
			showEnvVarsInLog = 0;
		};
		F103F0CE96F8D06E0EBDB9F4 /* [CP] Embed Pods Frameworks */ = {
			isa = PBXShellScriptBuildPhase;
			buildActionMask = 2147483647;
			files = (
			);
			inputFileListPaths = (
				"${PODS_ROOT}/Target Support Files/Pods-JejuAttractionsMapTests/Pods-JejuAttractionsMapTests-frameworks-${CONFIGURATION}-input-files.xcfilelist",
			);
			name = "[CP] Embed Pods Frameworks";
			outputFileListPaths = (
				"${PODS_ROOT}/Target Support Files/Pods-JejuAttractionsMapTests/Pods-JejuAttractionsMapTests-frameworks-${CONFIGURATION}-output-files.xcfilelist",
			);
			runOnlyForDeploymentPostprocessing = 0;
			shellPath = /bin/sh;
			shellScript = "\"${PODS_ROOT}/Target Support Files/Pods-JejuAttractionsMapTests/Pods-JejuAttractionsMapTests-frameworks.sh\"\n";
			showEnvVarsInLog = 0;
		};
/* End PBXShellScriptBuildPhase section */

/* Begin PBXSourcesBuildPhase section */
		ABA2E34B29A2700000965558 /* Sources */ = {
			isa = PBXSourcesBuildPhase;
			buildActionMask = 2147483647;
			files = (
				ABA766AC29B63CCE00693C10 /* Attraction.swift in Sources */,
				ABA2E35729A2700000965558 /* ViewController.swift in Sources */,
				ABA2E35329A2700000965558 /* AppDelegate.swift in Sources */,
				ABA2E35529A2700000965558 /* SceneDelegate.swift in Sources */,
				ABA766AF29B63FC200693C10 /* AttractionsResponse.swift in Sources */,
				ABA766B129B63FF300693C10 /* OpenAPI_ServiceResponse.swift in Sources */,
			);
			runOnlyForDeploymentPostprocessing = 0;
		};
		ABD9B47529B4BEEF00A8FED0 /* Sources */ = {
			isa = PBXSourcesBuildPhase;
			buildActionMask = 2147483647;
			files = (
				ABD9B47C29B4BEEF00A8FED0 /* JejuAttractionsMapTests.swift in Sources */,
				ABA766A829B6364A00693C10 /* Data+.swift in Sources */,
			);
			runOnlyForDeploymentPostprocessing = 0;
		};
/* End PBXSourcesBuildPhase section */

/* Begin PBXTargetDependency section */
		ABD9B47E29B4BEEF00A8FED0 /* PBXTargetDependency */ = {
			isa = PBXTargetDependency;
			target = ABA2E34E29A2700000965558 /* JejuAttractionsMap */;
			targetProxy = ABD9B47D29B4BEEF00A8FED0 /* PBXContainerItemProxy */;
		};
/* End PBXTargetDependency section */

/* Begin PBXVariantGroup section */
		ABA2E35829A2700000965558 /* Main.storyboard */ = {
			isa = PBXVariantGroup;
			children = (
				ABA2E35929A2700000965558 /* Base */,
			);
			name = Main.storyboard;
			sourceTree = "<group>";
		};
		ABA2E35D29A2700100965558 /* LaunchScreen.storyboard */ = {
			isa = PBXVariantGroup;
			children = (
				ABA2E35E29A2700100965558 /* Base */,
			);
			name = LaunchScreen.storyboard;
			sourceTree = "<group>";
		};
/* End PBXVariantGroup section */

/* Begin XCBuildConfiguration section */
		ABA2E36129A2700100965558 /* Debug */ = {
			isa = XCBuildConfiguration;
			buildSettings = {
				ALWAYS_SEARCH_USER_PATHS = NO;
				CLANG_ANALYZER_NONNULL = YES;
				CLANG_ANALYZER_NUMBER_OBJECT_CONVERSION = YES_AGGRESSIVE;
				CLANG_CXX_LANGUAGE_STANDARD = "gnu++20";
				CLANG_ENABLE_MODULES = YES;
				CLANG_ENABLE_OBJC_ARC = YES;
				CLANG_ENABLE_OBJC_WEAK = YES;
				CLANG_WARN_BLOCK_CAPTURE_AUTORELEASING = YES;
				CLANG_WARN_BOOL_CONVERSION = YES;
				CLANG_WARN_COMMA = YES;
				CLANG_WARN_CONSTANT_CONVERSION = YES;
				CLANG_WARN_DEPRECATED_OBJC_IMPLEMENTATIONS = YES;
				CLANG_WARN_DIRECT_OBJC_ISA_USAGE = YES_ERROR;
				CLANG_WARN_DOCUMENTATION_COMMENTS = YES;
				CLANG_WARN_EMPTY_BODY = YES;
				CLANG_WARN_ENUM_CONVERSION = YES;
				CLANG_WARN_INFINITE_RECURSION = YES;
				CLANG_WARN_INT_CONVERSION = YES;
				CLANG_WARN_NON_LITERAL_NULL_CONVERSION = YES;
				CLANG_WARN_OBJC_IMPLICIT_RETAIN_SELF = YES;
				CLANG_WARN_OBJC_LITERAL_CONVERSION = YES;
				CLANG_WARN_OBJC_ROOT_CLASS = YES_ERROR;
				CLANG_WARN_QUOTED_INCLUDE_IN_FRAMEWORK_HEADER = YES;
				CLANG_WARN_RANGE_LOOP_ANALYSIS = YES;
				CLANG_WARN_STRICT_PROTOTYPES = YES;
				CLANG_WARN_SUSPICIOUS_MOVE = YES;
				CLANG_WARN_UNGUARDED_AVAILABILITY = YES_AGGRESSIVE;
				CLANG_WARN_UNREACHABLE_CODE = YES;
				CLANG_WARN__DUPLICATE_METHOD_MATCH = YES;
				COPY_PHASE_STRIP = NO;
				DEBUG_INFORMATION_FORMAT = dwarf;
				ENABLE_STRICT_OBJC_MSGSEND = YES;
				ENABLE_TESTABILITY = YES;
				GCC_C_LANGUAGE_STANDARD = gnu11;
				GCC_DYNAMIC_NO_PIC = NO;
				GCC_NO_COMMON_BLOCKS = YES;
				GCC_OPTIMIZATION_LEVEL = 0;
				GCC_PREPROCESSOR_DEFINITIONS = (
					"DEBUG=1",
					"$(inherited)",
				);
				GCC_WARN_64_TO_32_BIT_CONVERSION = YES;
				GCC_WARN_ABOUT_RETURN_TYPE = YES_ERROR;
				GCC_WARN_UNDECLARED_SELECTOR = YES;
				GCC_WARN_UNINITIALIZED_AUTOS = YES_AGGRESSIVE;
				GCC_WARN_UNUSED_FUNCTION = YES;
				GCC_WARN_UNUSED_VARIABLE = YES;
				IPHONEOS_DEPLOYMENT_TARGET = 16.2;
				MTL_ENABLE_DEBUG_INFO = INCLUDE_SOURCE;
				MTL_FAST_MATH = YES;
				ONLY_ACTIVE_ARCH = YES;
				SDKROOT = iphoneos;
				SWIFT_ACTIVE_COMPILATION_CONDITIONS = DEBUG;
				SWIFT_OPTIMIZATION_LEVEL = "-Onone";
			};
			name = Debug;
		};
		ABA2E36229A2700100965558 /* Release */ = {
			isa = XCBuildConfiguration;
			buildSettings = {
				ALWAYS_SEARCH_USER_PATHS = NO;
				CLANG_ANALYZER_NONNULL = YES;
				CLANG_ANALYZER_NUMBER_OBJECT_CONVERSION = YES_AGGRESSIVE;
				CLANG_CXX_LANGUAGE_STANDARD = "gnu++20";
				CLANG_ENABLE_MODULES = YES;
				CLANG_ENABLE_OBJC_ARC = YES;
				CLANG_ENABLE_OBJC_WEAK = YES;
				CLANG_WARN_BLOCK_CAPTURE_AUTORELEASING = YES;
				CLANG_WARN_BOOL_CONVERSION = YES;
				CLANG_WARN_COMMA = YES;
				CLANG_WARN_CONSTANT_CONVERSION = YES;
				CLANG_WARN_DEPRECATED_OBJC_IMPLEMENTATIONS = YES;
				CLANG_WARN_DIRECT_OBJC_ISA_USAGE = YES_ERROR;
				CLANG_WARN_DOCUMENTATION_COMMENTS = YES;
				CLANG_WARN_EMPTY_BODY = YES;
				CLANG_WARN_ENUM_CONVERSION = YES;
				CLANG_WARN_INFINITE_RECURSION = YES;
				CLANG_WARN_INT_CONVERSION = YES;
				CLANG_WARN_NON_LITERAL_NULL_CONVERSION = YES;
				CLANG_WARN_OBJC_IMPLICIT_RETAIN_SELF = YES;
				CLANG_WARN_OBJC_LITERAL_CONVERSION = YES;
				CLANG_WARN_OBJC_ROOT_CLASS = YES_ERROR;
				CLANG_WARN_QUOTED_INCLUDE_IN_FRAMEWORK_HEADER = YES;
				CLANG_WARN_RANGE_LOOP_ANALYSIS = YES;
				CLANG_WARN_STRICT_PROTOTYPES = YES;
				CLANG_WARN_SUSPICIOUS_MOVE = YES;
				CLANG_WARN_UNGUARDED_AVAILABILITY = YES_AGGRESSIVE;
				CLANG_WARN_UNREACHABLE_CODE = YES;
				CLANG_WARN__DUPLICATE_METHOD_MATCH = YES;
				COPY_PHASE_STRIP = NO;
				DEBUG_INFORMATION_FORMAT = "dwarf-with-dsym";
				ENABLE_NS_ASSERTIONS = NO;
				ENABLE_STRICT_OBJC_MSGSEND = YES;
				GCC_C_LANGUAGE_STANDARD = gnu11;
				GCC_NO_COMMON_BLOCKS = YES;
				GCC_WARN_64_TO_32_BIT_CONVERSION = YES;
				GCC_WARN_ABOUT_RETURN_TYPE = YES_ERROR;
				GCC_WARN_UNDECLARED_SELECTOR = YES;
				GCC_WARN_UNINITIALIZED_AUTOS = YES_AGGRESSIVE;
				GCC_WARN_UNUSED_FUNCTION = YES;
				GCC_WARN_UNUSED_VARIABLE = YES;
				IPHONEOS_DEPLOYMENT_TARGET = 16.2;
				MTL_ENABLE_DEBUG_INFO = NO;
				MTL_FAST_MATH = YES;
				SDKROOT = iphoneos;
				SWIFT_COMPILATION_MODE = wholemodule;
				SWIFT_OPTIMIZATION_LEVEL = "-O";
				VALIDATE_PRODUCT = YES;
			};
			name = Release;
		};
		ABA2E36429A2700100965558 /* Debug */ = {
			isa = XCBuildConfiguration;
			baseConfigurationReference = 60C2D75FD42F2E239544975F /* Pods-JejuAttractionsMap.debug.xcconfig */;
			buildSettings = {
				ASSETCATALOG_COMPILER_APPICON_NAME = AppIcon;
				ASSETCATALOG_COMPILER_GLOBAL_ACCENT_COLOR_NAME = AccentColor;
				CODE_SIGN_STYLE = Automatic;
				CURRENT_PROJECT_VERSION = 1;
				DEVELOPMENT_TEAM = NJ396FQTK4;
				GENERATE_INFOPLIST_FILE = YES;
				INFOPLIST_FILE = JejuAttractionsMap/Info.plist;
				INFOPLIST_KEY_UIApplicationSupportsIndirectInputEvents = YES;
				INFOPLIST_KEY_UILaunchStoryboardName = LaunchScreen;
				INFOPLIST_KEY_UIMainStoryboardFile = Main;
				INFOPLIST_KEY_UISupportedInterfaceOrientations_iPad = "UIInterfaceOrientationPortrait UIInterfaceOrientationPortraitUpsideDown UIInterfaceOrientationLandscapeLeft UIInterfaceOrientationLandscapeRight";
				INFOPLIST_KEY_UISupportedInterfaceOrientations_iPhone = "UIInterfaceOrientationPortrait UIInterfaceOrientationLandscapeLeft UIInterfaceOrientationLandscapeRight";
				LD_RUNPATH_SEARCH_PATHS = (
					"$(inherited)",
					"@executable_path/Frameworks",
				);
				MARKETING_VERSION = 1.0;
				PRODUCT_BUNDLE_IDENTIFIER = com.namegeon.JejuAttractionsMap;
				PRODUCT_NAME = "$(TARGET_NAME)";
				SUPPORTED_PLATFORMS = "iphoneos iphonesimulator";
				SUPPORTS_MACCATALYST = NO;
				SUPPORTS_MAC_DESIGNED_FOR_IPHONE_IPAD = NO;
				SWIFT_EMIT_LOC_STRINGS = YES;
				SWIFT_VERSION = 5.0;
				TARGETED_DEVICE_FAMILY = 1;
			};
			name = Debug;
		};
		ABA2E36529A2700100965558 /* Release */ = {
			isa = XCBuildConfiguration;
			baseConfigurationReference = 180C67198E1DA532763F9C75 /* Pods-JejuAttractionsMap.release.xcconfig */;
			buildSettings = {
				ASSETCATALOG_COMPILER_APPICON_NAME = AppIcon;
				ASSETCATALOG_COMPILER_GLOBAL_ACCENT_COLOR_NAME = AccentColor;
				CODE_SIGN_STYLE = Automatic;
				CURRENT_PROJECT_VERSION = 1;
				DEVELOPMENT_TEAM = NJ396FQTK4;
				GENERATE_INFOPLIST_FILE = YES;
				INFOPLIST_FILE = JejuAttractionsMap/Info.plist;
				INFOPLIST_KEY_UIApplicationSupportsIndirectInputEvents = YES;
				INFOPLIST_KEY_UILaunchStoryboardName = LaunchScreen;
				INFOPLIST_KEY_UIMainStoryboardFile = Main;
				INFOPLIST_KEY_UISupportedInterfaceOrientations_iPad = "UIInterfaceOrientationPortrait UIInterfaceOrientationPortraitUpsideDown UIInterfaceOrientationLandscapeLeft UIInterfaceOrientationLandscapeRight";
				INFOPLIST_KEY_UISupportedInterfaceOrientations_iPhone = "UIInterfaceOrientationPortrait UIInterfaceOrientationLandscapeLeft UIInterfaceOrientationLandscapeRight";
				LD_RUNPATH_SEARCH_PATHS = (
					"$(inherited)",
					"@executable_path/Frameworks",
				);
				MARKETING_VERSION = 1.0;
				PRODUCT_BUNDLE_IDENTIFIER = com.namegeon.JejuAttractionsMap;
				PRODUCT_NAME = "$(TARGET_NAME)";
				SUPPORTED_PLATFORMS = "iphoneos iphonesimulator";
				SUPPORTS_MACCATALYST = NO;
				SUPPORTS_MAC_DESIGNED_FOR_IPHONE_IPAD = NO;
				SWIFT_EMIT_LOC_STRINGS = YES;
				SWIFT_VERSION = 5.0;
				TARGETED_DEVICE_FAMILY = 1;
			};
			name = Release;
		};
		ABD9B47F29B4BEEF00A8FED0 /* Debug */ = {
			isa = XCBuildConfiguration;
			baseConfigurationReference = 165C95D4CB7B831C012FED15 /* Pods-JejuAttractionsMapTests.debug.xcconfig */;
			buildSettings = {
				BUNDLE_LOADER = "$(TEST_HOST)";
				CODE_SIGN_STYLE = Automatic;
				CURRENT_PROJECT_VERSION = 1;
				DEVELOPMENT_TEAM = NJ396FQTK4;
				GENERATE_INFOPLIST_FILE = YES;
				MARKETING_VERSION = 1.0;
				PRODUCT_BUNDLE_IDENTIFIER = com.namegeon.JejuAttractionsMapTests;
				PRODUCT_NAME = "$(TARGET_NAME)";
				SWIFT_EMIT_LOC_STRINGS = NO;
				SWIFT_VERSION = 5.0;
				TARGETED_DEVICE_FAMILY = "1,2";
				TEST_HOST = "$(BUILT_PRODUCTS_DIR)/JejuAttractionsMap.app/$(BUNDLE_EXECUTABLE_FOLDER_PATH)/JejuAttractionsMap";
			};
			name = Debug;
		};
		ABD9B48029B4BEEF00A8FED0 /* Release */ = {
			isa = XCBuildConfiguration;
			baseConfigurationReference = D60F06F53F0DEBDF49246679 /* Pods-JejuAttractionsMapTests.release.xcconfig */;
			buildSettings = {
				BUNDLE_LOADER = "$(TEST_HOST)";
				CODE_SIGN_STYLE = Automatic;
				CURRENT_PROJECT_VERSION = 1;
				DEVELOPMENT_TEAM = NJ396FQTK4;
				GENERATE_INFOPLIST_FILE = YES;
				MARKETING_VERSION = 1.0;
				PRODUCT_BUNDLE_IDENTIFIER = com.namegeon.JejuAttractionsMapTests;
				PRODUCT_NAME = "$(TARGET_NAME)";
				SWIFT_EMIT_LOC_STRINGS = NO;
				SWIFT_VERSION = 5.0;
				TARGETED_DEVICE_FAMILY = "1,2";
				TEST_HOST = "$(BUILT_PRODUCTS_DIR)/JejuAttractionsMap.app/$(BUNDLE_EXECUTABLE_FOLDER_PATH)/JejuAttractionsMap";
			};
			name = Release;
		};
/* End XCBuildConfiguration section */

/* Begin XCConfigurationList section */
		ABA2E34A29A2700000965558 /* Build configuration list for PBXProject "JejuAttractionsMap" */ = {
			isa = XCConfigurationList;
			buildConfigurations = (
				ABA2E36129A2700100965558 /* Debug */,
				ABA2E36229A2700100965558 /* Release */,
			);
			defaultConfigurationIsVisible = 0;
			defaultConfigurationName = Release;
		};
		ABA2E36329A2700100965558 /* Build configuration list for PBXNativeTarget "JejuAttractionsMap" */ = {
			isa = XCConfigurationList;
			buildConfigurations = (
				ABA2E36429A2700100965558 /* Debug */,
				ABA2E36529A2700100965558 /* Release */,
			);
			defaultConfigurationIsVisible = 0;
			defaultConfigurationName = Release;
		};
		ABD9B48129B4BEEF00A8FED0 /* Build configuration list for PBXNativeTarget "JejuAttractionsMapTests" */ = {
			isa = XCConfigurationList;
			buildConfigurations = (
				ABD9B47F29B4BEEF00A8FED0 /* Debug */,
				ABD9B48029B4BEEF00A8FED0 /* Release */,
			);
			defaultConfigurationIsVisible = 0;
			defaultConfigurationName = Release;
		};
/* End XCConfigurationList section */
	};
	rootObject = ABA2E34729A2700000965558 /* Project object */;
}
